
Microsoft Visual Studio Solution File, Format Version 12.00
# Visual Studio Version 17
VisualStudioVersion = 17.7.34003.232
MinimumVisualStudioVersion = 10.0.40219.1
Project("{FAE04EC0-301F-11D3-BF4B-00C04F79EFBC}") = "Graph_demo", "Graph_demo\Graph_demo.csproj", "{0EF8B24A-B61D-4D60-B22D-FAAFA3288D2C}"
EndProject
Project("{FAE04EC0-301F-11D3-BF4B-00C04F79EFBC}") = "NodesGraph", "NodesGraph\NodesGraph.csproj", "{E4355CB0-1FFB-40C8-A837-3CB85B9A5D34}"
EndProject
Global
	GlobalSection(SolutionConfigurationPlatforms) = preSolution
		Debug|Any CPU = Debug|Any CPU
		Release|Any CPU = Release|Any CPU
	EndGlobalSection
	GlobalSection(ProjectConfigurationPlatforms) = postSolution
		{0EF8B24A-B61D-4D60-B22D-FAAFA3288D2C}.Debug|Any CPU.ActiveCfg = Debug|Any CPU
		{0EF8B24A-B61D-4D60-B22D-FAAFA3288D2C}.Debug|Any CPU.Build.0 = Debug|Any CPU
		{0EF8B24A-B61D-4D60-B22D-FAAFA3288D2C}.Release|Any CPU.ActiveCfg = Release|Any CPU
		{0EF8B24A-B61D-4D60-B22D-FAAFA3288D2C}.Release|Any CPU.Build.0 = Release|Any CPU
		{E4355CB0-1FFB-40C8-A837-3CB85B9A5D34}.Debug|Any CPU.ActiveCfg = Debug|Any CPU
		{E4355CB0-1FFB-40C8-A837-3CB85B9A5D34}.Debug|Any CPU.Build.0 = Debug|Any CPU
		{E4355CB0-1FFB-40C8-A837-3CB85B9A5D34}.Release|Any CPU.ActiveCfg = Release|Any CPU
		{E4355CB0-1FFB-40C8-A837-3CB85B9A5D34}.Release|Any CPU.Build.0 = Release|Any CPU
	EndGlobalSection
	GlobalSection(SolutionProperties) = preSolution
		HideSolutionNode = FALSE
	EndGlobalSection
	GlobalSection(ExtensibilityGlobals) = postSolution
		SolutionGuid = {8A842AC5-3754-43F1-B558-DF07EC210830}
	EndGlobalSection
EndGlobal
